{
  "lockfileVersion": 1,
  "configVersion": 1,
  "workspaces": {
    "": {
      "name": "fund-dashboard-backend",
      "dependencies": {
        "hono": "^4.7.0",
        "mcp-lite": "^0.10.0",
        "zod": "^4.4.3",
      },
    },
  },
  "packages": {
    "@standard-schema/spec": ["@standard-schema/spec@1.1.0", "", {}, "sha512-l2aFy5jALhniG5HgqrD6jXLi/rUWrKvqN/qJx6yoJsgKhblVd+iqqU4RCXavm/jPityDo5TCvKMnpjKnOriy0w=="],

    "hono": ["hono@4.12.25", "", {}, "sha512-2NFaIyNVgJmBs/ecmtGzlmluTFs5cHEWGTdu0t1HBwYzoGXOL5nUQBRMXsXWla5i4KkG//QMzVP88m1+I3fdAQ=="],

    "mcp-lite": ["mcp-lite@0.10.0", "", { "dependencies": { "@standard-schema/spec": "^1.0.0" } }, "sha512-ts1PgXO5+MER3W77YjYUMqngF45l6eyh2V4Vc0O4S+oKU55ghvd3Q+/XpA4kqtMISqI9v5s1E8pChDICudxwXQ=="],

    "zod": ["zod@4.4.3", "", {}, "sha512-ytENFjIJFl2UwYglde2jchW2Hwm4GJFLDiSXWdTrJQBIN9Fcyp7n4DhxJEiWNAJMV1/BqWfW/kkg71UDcHJyTQ=="],
  }
}
